// !$*UTF8*$!
{
	archiveVersion = 1;
	classes = {
	};
	objectVersion = 46;
	objects = {

/* Begin PBXBuildFile section */
		18D43E8C1894A58A0036F206 /* FlickrTabBarController.m in Sources */ = {isa = PBXBuildFile; fileRef = 18D43E8B1894A58A0036F206 /* FlickrTabBarController.m */; };
		18E6C9A318933AAF00402086 /* Foundation.framework in Frameworks */ = {isa = PBXBuildFile; fileRef = 18E6C9A218933AAF00402086 /* Foundation.framework */; };
		18E6C9A518933AAF00402086 /* CoreGraphics.framework in Frameworks */ = {isa = PBXBuildFile; fileRef = 18E6C9A418933AAF00402086 /* CoreGraphics.framework */; };
		18E6C9A718933AAF00402086 /* UIKit.framework in Frameworks */ = {isa = PBXBuildFile; fileRef = 18E6C9A618933AAF00402086 /* UIKit.framework */; };
		18E6C9AD18933AAF00402086 /* InfoPlist.strings in Resources */ = {isa = PBXBuildFile; fileRef = 18E6C9AB18933AAF00402086 /* InfoPlist.strings */; };
		18E6C9AF18933AAF00402086 /* main.m in Sources */ = {isa = PBXBuildFile; fileRef = 18E6C9AE18933AAF00402086 /* main.m */; };
		18E6C9B318933AAF00402086 /* AppDelegate.m in Sources */ = {isa = PBXBuildFile; fileRef = 18E6C9B218933AAF00402086 /* AppDelegate.m */; };
		18E6C9B618933AAF00402086 /* Main.storyboard in Resources */ = {isa = PBXBuildFile; fileRef = 18E6C9B418933AAF00402086 /* Main.storyboard */; };
		18E6C9B918933AAF00402086 /* ViewController.m in Sources */ = {isa = PBXBuildFile; fileRef = 18E6C9B818933AAF00402086 /* ViewController.m */; };
		18E6C9BB18933AAF00402086 /* Images.xcassets in Resources */ = {isa = PBXBuildFile; fileRef = 18E6C9BA18933AAF00402086 /* Images.xcassets */; };
		18E6C9C218933AAF00402086 /* XCTest.framework in Frameworks */ = {isa = PBXBuildFile; fileRef = 18E6C9C118933AAF00402086 /* XCTest.framework */; };
		18E6C9C318933AAF00402086 /* Foundation.framework in Frameworks */ = {isa = PBXBuildFile; fileRef = 18E6C9A218933AAF00402086 /* Foundation.framework */; };
		18E6C9C418933AAF00402086 /* UIKit.framework in Frameworks */ = {isa = PBXBuildFile; fileRef = 18E6C9A618933AAF00402086 /* UIKit.framework */; };
		18E6C9CC18933AAF00402086 /* InfoPlist.strings in Resources */ = {isa = PBXBuildFile; fileRef = 18E6C9CA18933AAF00402086 /* InfoPlist.strings */; };
		18E6C9CE18933AAF00402086 /* Wild_Kingdom_2Tests.m in Sources */ = {isa = PBXBuildFile; fileRef = 18E6C9CD18933AAF00402086 /* Wild_Kingdom_2Tests.m */; };
		18E6C9DC18944C8300402086 /* FlickrAPI.m in Sources */ = {isa = PBXBuildFile; fileRef = 18E6C9DB18944C8300402086 /* FlickrAPI.m */; };
		18E6C9DF18944D6000402086 /* FlickrPhoto.m in Sources */ = {isa = PBXBuildFile; fileRef = 18E6C9DE18944D6000402086 /* FlickrPhoto.m */; };
		18E6C9E21894569500402086 /* FlickrPhotoCell.m in Sources */ = {isa = PBXBuildFile; fileRef = 18E6C9E11894569500402086 /* FlickrPhotoCell.m */; };
/* End PBXBuildFile section */

/* Begin PBXContainerItemProxy section */
		18E6C9C518933AAF00402086 /* PBXContainerItemProxy */ = {
			isa = PBXContainerItemProxy;
			containerPortal = 18E6C99718933AAF00402086 /* Project object */;
			proxyType = 1;
			remoteGlobalIDString = 18E6C99E18933AAF00402086;
			remoteInfo = "Wild Kingdom 2";
		};
/* End PBXContainerItemProxy section */

/* Begin PBXFileReference section */
		18D43E8A1894A58A0036F206 /* FlickrTabBarController.h */ = {isa = PBXFileReference; fileEncoding = 4; lastKnownFileType = sourcecode.c.h; path = FlickrTabBarController.h; sourceTree = "<group>"; };
		18D43E8B1894A58A0036F206 /* FlickrTabBarController.m */ = {isa = PBXFileReference; fileEncoding = 4; lastKnownFileType = sourcecode.c.objc; path = FlickrTabBarController.m; sourceTree = "<group>"; };
		18E6C99F18933AAF00402086 /* Wild Kingdom 2.app */ = {isa = PBXFileReference; explicitFileType = wrapper.application; includeInIndex = 0; path = "Wild Kingdom 2.app"; sourceTree = BUILT_PRODUCTS_DIR; };
		18E6C9A218933AAF00402086 /* Foundation.framework */ = {isa = PBXFileReference; lastKnownFileType = wrapper.framework; name = Foundation.framework; path = System/Library/Frameworks/Foundation.framework; sourceTree = SDKROOT; };
		18E6C9A418933AAF00402086 /* CoreGraphics.framework */ = {isa = PBXFileReference; lastKnownFileType = wrapper.framework; name = CoreGraphics.framework; path = System/Library/Frameworks/CoreGraphics.framework; sourceTree = SDKROOT; };
		18E6C9A618933AAF00402086 /* UIKit.framework */ = {isa = PBXFileReference; lastKnownFileType = wrapper.framework; name = UIKit.framework; path = System/Library/Frameworks/UIKit.framework; sourceTree = SDKROOT; };
		18E6C9AA18933AAF00402086 /* Wild Kingdom 2-Info.plist */ = {isa = PBXFileReference; lastKnownFileType = text.plist.xml; path = "Wild Kingdom 2-Info.plist"; sourceTree = "<group>"; };
		18E6C9AC18933AAF00402086 /* en */ = {isa = PBXFileReference; lastKnownFileType = text.plist.strings; name = en; path = en.lproj/InfoPlist.strings; sourceTree = "<group>"; };
		18E6C9AE18933AAF00402086 /* main.m */ = {isa = PBXFileReference; lastKnownFileType = sourcecode.c.objc; path = main.m; sourceTree = "<group>"; };
		18E6C9B018933AAF00402086 /* Wild Kingdom 2-Prefix.pch */ = {isa = PBXFileReference; lastKnownFileType = sourcecode.c.h; path = "Wild Kingdom 2-Prefix.pch"; sourceTree = "<group>"; };
		18E6C9B118933AAF00402086 /* AppDelegate.h */ = {isa = PBXFileReference; lastKnownFileType = sourcecode.c.h; path = AppDelegate.h; sourceTree = "<group>"; };
		18E6C9B218933AAF00402086 /* AppDelegate.m */ = {isa = PBXFileReference; lastKnownFileType = sourcecode.c.objc; path = AppDelegate.m; sourceTree = "<group>"; };
		18E6C9B518933AAF00402086 /* Base */ = {isa = PBXFileReference; lastKnownFileType = file.storyboard; name = Base; path = Base.lproj/Main.storyboard; sourceTree = "<group>"; };
		18E6C9B718933AAF00402086 /* ViewController.h */ = {isa = PBXFileReference; lastKnownFileType = sourcecode.c.h; path = ViewController.h; sourceTree = "<group>"; };
		18E6C9B818933AAF00402086 /* ViewController.m */ = {isa = PBXFileReference; lastKnownFileType = sourcecode.c.objc; path = ViewController.m; sourceTree = "<group>"; };
		18E6C9BA18933AAF00402086 /* Images.xcassets */ = {isa = PBXFileReference; lastKnownFileType = folder.assetcatalog; path = Images.xcassets; sourceTree = "<group>"; };
		18E6C9C018933AAF00402086 /* Wild Kingdom 2Tests.xctest */ = {isa = PBXFileReference; explicitFileType = wrapper.cfbundle; includeInIndex = 0; path = "Wild Kingdom 2Tests.xctest"; sourceTree = BUILT_PRODUCTS_DIR; };
		18E6C9C118933AAF00402086 /* XCTest.framework */ = {isa = PBXFileReference; lastKnownFileType = wrapper.framework; name = XCTest.framework; path = Library/Frameworks/XCTest.framework; sourceTree = DEVELOPER_DIR; };
		18E6C9C918933AAF00402086 /* Wild Kingdom 2Tests-Info.plist */ = {isa = PBXFileReference; lastKnownFileType = text.plist.xml; path = "Wild Kingdom 2Tests-Info.plist"; sourceTree = "<group>"; };
		18E6C9CB18933AAF00402086 /* en */ = {isa = PBXFileReference; lastKnownFileType = text.plist.strings; name = en; path = en.lproj/InfoPlist.strings; sourceTree = "<group>"; };
		18E6C9CD18933AAF00402086 /* Wild_Kingdom_2Tests.m */ = {isa = PBXFileReference; lastKnownFileType = sourcecode.c.objc; path = Wild_Kingdom_2Tests.m; sourceTree = "<group>"; };
		18E6C9DA18944C8300402086 /* FlickrAPI.h */ = {isa = PBXFileReference; fileEncoding = 4; lastKnownFileType = sourcecode.c.h; path = FlickrAPI.h; sourceTree = "<group>"; };
		18E6C9DB18944C8300402086 /* FlickrAPI.m */ = {isa = PBXFileReference; fileEncoding = 4; lastKnownFileType = sourcecode.c.objc; path = FlickrAPI.m; sourceTree = "<group>"; };
		18E6C9DD18944D6000402086 /* FlickrPhoto.h */ = {isa = PBXFileReference; fileEncoding = 4; lastKnownFileType = sourcecode.c.h; path = FlickrPhoto.h; sourceTree = "<group>"; };
		18E6C9DE18944D6000402086 /* FlickrPhoto.m */ = {isa = PBXFileReference; fileEncoding = 4; lastKnownFileType = sourcecode.c.objc; path = FlickrPhoto.m; sourceTree = "<group>"; };
		18E6C9E01894569500402086 /* FlickrPhotoCell.h */ = {isa = PBXFileReference; fileEncoding = 4; lastKnownFileType = sourcecode.c.h; path = FlickrPhotoCell.h; sourceTree = "<group>"; };
		18E6C9E11894569500402086 /* FlickrPhotoCell.m */ = {isa = PBXFileReference; fileEncoding = 4; lastKnownFileType = sourcecode.c.objc; path = FlickrPhotoCell.m; sourceTree = "<group>"; };
/* End PBXFileReference section */

/* Begin PBXFrameworksBuildPhase section */
		18E6C99C18933AAF00402086 /* Frameworks */ = {
			isa = PBXFrameworksBuildPhase;
			buildActionMask = 2147483647;
			files = (
				18E6C9A518933AAF00402086 /* CoreGraphics.framework in Frameworks */,
				18E6C9A718933AAF00402086 /* UIKit.framework in Frameworks */,
				18E6C9A318933AAF00402086 /* Foundation.framework in Frameworks */,
			);
			runOnlyForDeploymentPostprocessing = 0;
		};
		18E6C9BD18933AAF00402086 /* Frameworks */ = {
			isa = PBXFrameworksBuildPhase;
			buildActionMask = 2147483647;
			files = (
				18E6C9C218933AAF00402086 /* XCTest.framework in Frameworks */,
				18E6C9C418933AAF00402086 /* UIKit.framework in Frameworks */,
				18E6C9C318933AAF00402086 /* Foundation.framework in Frameworks */,
			);
			runOnlyForDeploymentPostprocessing = 0;
		};
/* End PBXFrameworksBuildPhase section */

/* Begin PBXGroup section */
		18E6C99618933AAF00402086 = {
			isa = PBXGroup;
			children = (
				18E6C9A818933AAF00402086 /* Wild Kingdom 2 */,
				18E6C9C718933AAF00402086 /* Wild Kingdom 2Tests */,
				18E6C9A118933AAF00402086 /* Frameworks */,
				18E6C9A018933AAF00402086 /* Products */,
			);
			sourceTree = "<group>";
		};
		18E6C9A018933AAF00402086 /* Products */ = {
			isa = PBXGroup;
			children = (
				18E6C99F18933AAF00402086 /* Wild Kingdom 2.app */,
				18E6C9C018933AAF00402086 /* Wild Kingdom 2Tests.xctest */,
			);
			name = Products;
			sourceTree = "<group>";
		};
		18E6C9A118933AAF00402086 /* Frameworks */ = {
			isa = PBXGroup;
			children = (
				18E6C9A218933AAF00402086 /* Foundation.framework */,
				18E6C9A418933AAF00402086 /* CoreGraphics.framework */,
				18E6C9A618933AAF00402086 /* UIKit.framework */,
				18E6C9C118933AAF00402086 /* XCTest.framework */,
			);
			name = Frameworks;
			sourceTree = "<group>";
		};
		18E6C9A818933AAF00402086 /* Wild Kingdom 2 */ = {
			isa = PBXGroup;
			children = (
				18E6C9B118933AAF00402086 /* AppDelegate.h */,
				18E6C9B218933AAF00402086 /* AppDelegate.m */,
				18E6C9B418933AAF00402086 /* Main.storyboard */,
				18E6C9B718933AAF00402086 /* ViewController.h */,
				18E6C9B818933AAF00402086 /* ViewController.m */,
				18D43E8A1894A58A0036F206 /* FlickrTabBarController.h */,
				18D43E8B1894A58A0036F206 /* FlickrTabBarController.m */,
				18E6C9DA18944C8300402086 /* FlickrAPI.h */,
				18E6C9DB18944C8300402086 /* FlickrAPI.m */,
				18E6C9DD18944D6000402086 /* FlickrPhoto.h */,
				18E6C9DE18944D6000402086 /* FlickrPhoto.m */,
				18E6C9E01894569500402086 /* FlickrPhotoCell.h */,
				18E6C9E11894569500402086 /* FlickrPhotoCell.m */,
				18E6C9BA18933AAF00402086 /* Images.xcassets */,
				18E6C9A918933AAF00402086 /* Supporting Files */,
			);
			path = "Wild Kingdom 2";
			sourceTree = "<group>";
		};
		18E6C9A918933AAF00402086 /* Supporting Files */ = {
			isa = PBXGroup;
			children = (
				18E6C9AA18933AAF00402086 /* Wild Kingdom 2-Info.plist */,
				18E6C9AB18933AAF00402086 /* InfoPlist.strings */,
				18E6C9AE18933AAF00402086 /* main.m */,
				18E6C9B018933AAF00402086 /* Wild Kingdom 2-Prefix.pch */,
			);
			name = "Supporting Files";
			sourceTree = "<group>";
		};
		18E6C9C718933AAF00402086 /* Wild Kingdom 2Tests */ = {
			isa = PBXGroup;
			children = (
				18E6C9CD18933AAF00402086 /* Wild_Kingdom_2Tests.m */,
				18E6C9C818933AAF00402086 /* Supporting Files */,
			);
			path = "Wild Kingdom 2Tests";
			sourceTree = "<group>";
		};
		18E6C9C818933AAF00402086 /* Supporting Files */ = {
			isa = PBXGroup;
			children = (
				18E6C9C918933AAF00402086 /* Wild Kingdom 2Tests-Info.plist */,
				18E6C9CA18933AAF00402086 /* InfoPlist.strings */,
			);
			name = "Supporting Files";
			sourceTree = "<group>";
		};
/* End PBXGroup section */

/* Begin PBXNativeTarget section */
		18E6C99E18933AAF00402086 /* Wild Kingdom 2 */ = {
			isa = PBXNativeTarget;
			buildConfigurationList = 18E6C9D118933AAF00402086 /* Build configuration list for PBXNativeTarget "Wild Kingdom 2" */;
			buildPhases = (
				18E6C99B18933AAF00402086 /* Sources */,
				18E6C99C18933AAF00402086 /* Frameworks */,
				18E6C99D18933AAF00402086 /* Resources */,
			);
			buildRules = (
			);
			dependencies = (
			);
			name = "Wild Kingdom 2";
			productName = "Wild Kingdom 2";
			productReference = 18E6C99F18933AAF00402086 /* Wild Kingdom 2.app */;
			productType = "com.apple.product-type.application";
		};
		18E6C9BF18933AAF00402086 /* Wild Kingdom 2Tests */ = {
			isa = PBXNativeTarget;
			buildConfigurationList = 18E6C9D418933AAF00402086 /* Build configuration list for PBXNativeTarget "Wild Kingdom 2Tests" */;
			buildPhases = (
				18E6C9BC18933AAF00402086 /* Sources */,
				18E6C9BD18933AAF00402086 /* Frameworks */,
				18E6C9BE18933AAF00402086 /* Resources */,
			);
			buildRules = (
			);
			dependencies = (
				18E6C9C618933AAF00402086 /* PBXTargetDependency */,
			);
			name = "Wild Kingdom 2Tests";
			productName = "Wild Kingdom 2Tests";
			productReference = 18E6C9C018933AAF00402086 /* Wild Kingdom 2Tests.xctest */;
			productType = "com.apple.product-type.bundle.unit-test";
		};
/* End PBXNativeTarget section */

/* Begin PBXProject section */
		18E6C99718933AAF00402086 /* Project object */ = {
			isa = PBXProject;
			attributes = {
				LastUpgradeCheck = 0500;
				ORGANIZATIONNAME = "Tablified Solutions";
				TargetAttributes = {
					18E6C9BF18933AAF00402086 = {
						TestTargetID = 18E6C99E18933AAF00402086;
					};
				};
			};
			buildConfigurationList = 18E6C99A18933AAF00402086 /* Build configuration list for PBXProject "Wild Kingdom 2" */;
			compatibilityVersion = "Xcode 3.2";
			developmentRegion = English;
			hasScannedForEncodings = 0;
			knownRegions = (
				en,
				Base,
			);
			mainGroup = 18E6C99618933AAF00402086;
			productRefGroup = 18E6C9A018933AAF00402086 /* Products */;
			projectDirPath = "";
			projectRoot = "";
			targets = (
				18E6C99E18933AAF00402086 /* Wild Kingdom 2 */,
				18E6C9BF18933AAF00402086 /* Wild Kingdom 2Tests */,
			);
		};
/* End PBXProject section */

/* Begin PBXResourcesBuildPhase section */
		18E6C99D18933AAF00402086 /* Resources */ = {
			isa = PBXResourcesBuildPhase;
			buildActionMask = 2147483647;
			files = (
				18E6C9BB18933AAF00402086 /* Images.xcassets in Resources */,
				18E6C9AD18933AAF00402086 /* InfoPlist.strings in Resources */,
				18E6C9B618933AAF00402086 /* Main.storyboard in Resources */,
			);
			runOnlyForDeploymentPostprocessing = 0;
		};
		18E6C9BE18933AAF00402086 /* Resources */ = {
			isa = PBXResourcesBuildPhase;
			buildActionMask = 2147483647;
			files = (
				18E6C9CC18933AAF00402086 /* InfoPlist.strings in Resources */,
			);
			runOnlyForDeploymentPostprocessing = 0;
		};
/* End PBXResourcesBuildPhase section */

/* Begin PBXSourcesBuildPhase section */
		18E6C99B18933AAF00402086 /* Sources */ = {
			isa = PBXSourcesBuildPhase;
			buildActionMask = 2147483647;
			files = (
				18D43E8C1894A58A0036F206 /* FlickrTabBarController.m in Sources */,
				18E6C9B918933AAF00402086 /* ViewController.m in Sources */,
				18E6C9E21894569500402086 /* FlickrPhotoCell.m in Sources */,
				18E6C9B318933AAF00402086 /* AppDelegate.m in Sources */,
				18E6C9AF18933AAF00402086 /* main.m in Sources */,
				18E6C9DF18944D6000402086 /* FlickrPhoto.m in Sources */,
				18E6C9DC18944C8300402086 /* FlickrAPI.m in Sources */,
			);
			runOnlyForDeploymentPostprocessing = 0;
		};
		18E6C9BC18933AAF00402086 /* Sources */ = {
			isa = PBXSourcesBuildPhase;
			buildActionMask = 2147483647;
			files = (
				18E6C9CE18933AAF00402086 /* Wild_Kingdom_2Tests.m in Sources */,
			);
			runOnlyForDeploymentPostprocessing = 0;
		};
/* End PBXSourcesBuildPhase section */

/* Begin PBXTargetDependency section */
		18E6C9C618933AAF00402086 /* PBXTargetDependency */ = {
			isa = PBXTargetDependency;
			target = 18E6C99E18933AAF00402086 /* Wild Kingdom 2 */;
			targetProxy = 18E6C9C518933AAF00402086 /* PBXContainerItemProxy */;
		};
/* End PBXTargetDependency section */

/* Begin PBXVariantGroup section */
		18E6C9AB18933AAF00402086 /* InfoPlist.strings */ = {
			isa = PBXVariantGroup;
			children = (
				18E6C9AC18933AAF00402086 /* en */,
			);
			name = InfoPlist.strings;
			sourceTree = "<group>";
		};
		18E6C9B418933AAF00402086 /* Main.storyboard */ = {
			isa = PBXVariantGroup;
			children = (
				18E6C9B518933AAF00402086 /* Base */,
			);
			name = Main.storyboard;
			sourceTree = "<group>";
		};
		18E6C9CA18933AAF00402086 /* InfoPlist.strings */ = {
			isa = PBXVariantGroup;
			children = (
				18E6C9CB18933AAF00402086 /* en */,
			);
			name = InfoPlist.strings;
			sourceTree = "<group>";
		};
/* End PBXVariantGroup section */

/* Begin XCBuildConfiguration section */
		18E6C9CF18933AAF00402086 /* Debug */ = {
			isa = XCBuildConfiguration;
			buildSettings = {
				ALWAYS_SEARCH_USER_PATHS = NO;
				ARCHS = "$(ARCHS_STANDARD_INCLUDING_64_BIT)";
				CLANG_CXX_LANGUAGE_STANDARD = "gnu++0x";
				CLANG_CXX_LIBRARY = "libc++";
				CLANG_ENABLE_MODULES = YES;
				CLANG_ENABLE_OBJC_ARC = YES;
				CLANG_WARN_BOOL_CONVERSION = YES;
				CLANG_WARN_CONSTANT_CONVERSION = YES;
				CLANG_WARN_DIRECT_OBJC_ISA_USAGE = YES_ERROR;
				CLANG_WARN_EMPTY_BODY = YES;
				CLANG_WARN_ENUM_CONVERSION = YES;
				CLANG_WARN_INT_CONVERSION = YES;
				CLANG_WARN_OBJC_ROOT_CLASS = YES_ERROR;
				CLANG_WARN__DUPLICATE_METHOD_MATCH = YES;
				"CODE_SIGN_IDENTITY[sdk=iphoneos*]" = "iPhone Developer";
				COPY_PHASE_STRIP = NO;
				GCC_C_LANGUAGE_STANDARD = gnu99;
				GCC_DYNAMIC_NO_PIC = NO;
				GCC_OPTIMIZATION_LEVEL = 0;
				GCC_PREPROCESSOR_DEFINITIONS = (
					"DEBUG=1",
					"$(inherited)",
				);
				GCC_SYMBOLS_PRIVATE_EXTERN = NO;
				GCC_WARN_64_TO_32_BIT_CONVERSION = YES;
				GCC_WARN_ABOUT_RETURN_TYPE = YES_ERROR;
				GCC_WARN_UNDECLARED_SELECTOR = YES;
				GCC_WARN_UNINITIALIZED_AUTOS = YES;
				GCC_WARN_UNUSED_FUNCTION = YES;
				GCC_WARN_UNUSED_VARIABLE = YES;
				IPHONEOS_DEPLOYMENT_TARGET = 7.0;
				ONLY_ACTIVE_ARCH = YES;
				SDKROOT = iphoneos;
			};
			name = Debug;
		};
		18E6C9D018933AAF00402086 /* Release */ = {
			isa = XCBuildConfiguration;
			buildSettings = {
				ALWAYS_SEARCH_USER_PATHS = NO;
				ARCHS = "$(ARCHS_STANDARD_INCLUDING_64_BIT)";
				CLANG_CXX_LANGUAGE_STANDARD = "gnu++0x";
				CLANG_CXX_LIBRARY = "libc++";
				CLANG_ENABLE_MODULES = YES;
				CLANG_ENABLE_OBJC_ARC = YES;
				CLANG_WARN_BOOL_CONVERSION = YES;
				CLANG_WARN_CONSTANT_CONVERSION = YES;
				CLANG_WARN_DIRECT_OBJC_ISA_USAGE = YES_ERROR;
				CLANG_WARN_EMPTY_BODY = YES;
				CLANG_WARN_ENUM_CONVERSION = YES;
				CLANG_WARN_INT_CONVERSION = YES;
				CLANG_WARN_OBJC_ROOT_CLASS = YES_ERROR;
				CLANG_WARN__DUPLICATE_METHOD_MATCH = YES;
				"CODE_SIGN_IDENTITY[sdk=iphoneos*]" = "iPhone Developer";
				COPY_PHASE_STRIP = YES;
				ENABLE_NS_ASSERTIONS = NO;
				GCC_C_LANGUAGE_STANDARD = gnu99;
				GCC_WARN_64_TO_32_BIT_CONVERSION = YES;
				GCC_WARN_ABOUT_RETURN_TYPE = YES_ERROR;
				GCC_WARN_UNDECLARED_SELECTOR = YES;
				GCC_WARN_UNINITIALIZED_AUTOS = YES;
				GCC_WARN_UNUSED_FUNCTION = YES;
				GCC_WARN_UNUSED_VARIABLE = YES;
				IPHONEOS_DEPLOYMENT_TARGET = 7.0;
				SDKROOT = iphoneos;
				VALIDATE_PRODUCT = YES;
			};
			name = Release;
		};
		18E6C9D218933AAF00402086 /* Debug */ = {
			isa = XCBuildConfiguration;
			buildSettings = {
				ASSETCATALOG_COMPILER_APPICON_NAME = AppIcon;
				ASSETCATALOG_COMPILER_LAUNCHIMAGE_NAME = LaunchImage;
				GCC_PRECOMPILE_PREFIX_HEADER = YES;
				GCC_PREFIX_HEADER = "Wild Kingdom 2/Wild Kingdom 2-Prefix.pch";
				INFOPLIST_FILE = "Wild Kingdom 2/Wild Kingdom 2-Info.plist";
				PRODUCT_NAME = "$(TARGET_NAME)";
				WRAPPER_EXTENSION = app;
			};
			name = Debug;
		};
		18E6C9D318933AAF00402086 /* Release */ = {
			isa = XCBuildConfiguration;
			buildSettings = {
				ASSETCATALOG_COMPILER_APPICON_NAME = AppIcon;
				ASSETCATALOG_COMPILER_LAUNCHIMAGE_NAME = LaunchImage;
				GCC_PRECOMPILE_PREFIX_HEADER = YES;
				GCC_PREFIX_HEADER = "Wild Kingdom 2/Wild Kingdom 2-Prefix.pch";
				INFOPLIST_FILE = "Wild Kingdom 2/Wild Kingdom 2-Info.plist";
				PRODUCT_NAME = "$(TARGET_NAME)";
				WRAPPER_EXTENSION = app;
			};
			name = Release;
		};
		18E6C9D518933AAF00402086 /* Debug */ = {
			isa = XCBuildConfiguration;
			buildSettings = {
				ARCHS = "$(ARCHS_STANDARD_INCLUDING_64_BIT)";
				BUNDLE_LOADER = "$(BUILT_PRODUCTS_DIR)/Wild Kingdom 2.app/Wild Kingdom 2";
				FRAMEWORK_SEARCH_PATHS = (
					"$(SDKROOT)/Developer/Library/Frameworks",
					"$(inherited)",
					"$(DEVELOPER_FRAMEWORKS_DIR)",
				);
				GCC_PRECOMPILE_PREFIX_HEADER = YES;
				GCC_PREFIX_HEADER = "Wild Kingdom 2/Wild Kingdom 2-Prefix.pch";
				GCC_PREPROCESSOR_DEFINITIONS = (
					"DEBUG=1",
					"$(inherited)",
				);
				INFOPLIST_FILE = "Wild Kingdom 2Tests/Wild Kingdom 2Tests-Info.plist";
				PRODUCT_NAME = "$(TARGET_NAME)";
				TEST_HOST = "$(BUNDLE_LOADER)";
				WRAPPER_EXTENSION = xctest;
			};
			name = Debug;
		};
		18E6C9D618933AAF00402086 /* Release */ = {
			isa = XCBuildConfiguration;
			buildSettings = {
				ARCHS = "$(ARCHS_STANDARD_INCLUDING_64_BIT)";
				BUNDLE_LOADER = "$(BUILT_PRODUCTS_DIR)/Wild Kingdom 2.app/Wild Kingdom 2";
				FRAMEWORK_SEARCH_PATHS = (
					"$(SDKROOT)/Developer/Library/Frameworks",
					"$(inherited)",
					"$(DEVELOPER_FRAMEWORKS_DIR)",
				);
				GCC_PRECOMPILE_PREFIX_HEADER = YES;
				GCC_PREFIX_HEADER = "Wild Kingdom 2/Wild Kingdom 2-Prefix.pch";
				INFOPLIST_FILE = "Wild Kingdom 2Tests/Wild Kingdom 2Tests-Info.plist";
				PRODUCT_NAME = "$(TARGET_NAME)";
				TEST_HOST = "$(BUNDLE_LOADER)";
				WRAPPER_EXTENSION = xctest;
			};
			name = Release;
		};
/* End XCBuildConfiguration section */

/* Begin XCConfigurationList section */
		18E6C99A18933AAF00402086 /* Build configuration list for PBXProject "Wild Kingdom 2" */ = {
			isa = XCConfigurationList;
			buildConfigurations = (
				18E6C9CF18933AAF00402086 /* Debug */,
				18E6C9D018933AAF00402086 /* Release */,
			);
			defaultConfigurationIsVisible = 0;
			defaultConfigurationName = Release;
		};
		18E6C9D118933AAF00402086 /* Build configuration list for PBXNativeTarget "Wild Kingdom 2" */ = {
			isa = XCConfigurationList;
			buildConfigurations = (
				18E6C9D218933AAF00402086 /* Debug */,
				18E6C9D318933AAF00402086 /* Release */,
			);
			defaultConfigurationIsVisible = 0;
			defaultConfigurationName = Release;
		};
		18E6C9D418933AAF00402086 /* Build configuration list for PBXNativeTarget "Wild Kingdom 2Tests" */ = {
			isa = XCConfigurationList;
			buildConfigurations = (
				18E6C9D518933AAF00402086 /* Debug */,
				18E6C9D618933AAF00402086 /* Release */,
			);
			defaultConfigurationIsVisible = 0;
			defaultConfigurationName = Release;
		};
/* End XCConfigurationList section */
	};
	rootObject = 18E6C99718933AAF00402086 /* Project object */;
}
